{
  "name": "m5stick-openai",
  "version": "1.0.0",
  "lockfileVersion": 3,
  "requires": true,
  "packages": {
    "": {
      "name": "m5stick-openai",
      "version": "1.0.0",
      "license": "ISC",
      "dependencies": {
        "openai": "^6.17.0"
      }
    },
    "node_modules/openai": {
      "version": "6.17.0",
      "resolved": "https://registry.npmjs.org/openai/-/openai-6.17.0.tgz",
      "integrity": "sha512-NHRpPEUPzAvFOAFs9+9pC6+HCw/iWsYsKCMPXH5Kw7BpMxqd8g/A07/1o7Gx2TWtCnzevVRyKMRFqyiHyAlqcA==",
      "license": "Apache-2.0",
      "bin": {
        "openai": "bin/cli"
      },
      "peerDependencies": {
        "ws": "^8.18.0",
        "zod": "^3.25 || ^4.0"
      },
      "peerDependenciesMeta": {
        "ws": {
          "optional": true
        },
        "zod": {
          "optional": true
        }
      }
    }
  }
}
